{
  "version": 4,
  "terraform_version": "1.0.2",
  "serial": 15,
  "lineage": "499c1353-e6ef-77c5-ed53-e5bd957bbb95",
  "outputs": {
    "project_name": {
      "value": "pj-ray-kisaragi-prod",
      "type": "string"
    },
    "project_ragion": {
      "value": "asia-northeast1",
      "type": "string"
    }
  },
  "resources": [
    {
      "mode": "data",
      "type": "google_client_config",
      "name": "this",
      "provider": "provider[\"registry.terraform.io/hashicorp/google\"]",
      "instances": [
        {
          "schema_version": 0,
          "attributes": {
            "access_token": "ya29.a0ARrdaM9eyn6a6FuSYH3g32K4l2qKympgFsLtIXtw2queamZnfNor2F33onSip1J27TyH9BTQFQ0oZpxgW5Pf5QCqvG1d46UHE4E_2o7kUhcKE8D-CTDhzk1YY_lD5Kv8yx6Ap1ld5OnsDH8TCCcoe1TW7YG43A",
            "id": "projects/pj-ray-kisaragi-prod/regions/asia-northeast1/zones/",
            "project": "pj-ray-kisaragi-prod",
            "region": "asia-northeast1",
            "zone": ""
          },
          "sensitive_attributes": []
        }
      ]
    },
    {
      "mode": "data",
      "type": "google_project",
      "name": "project",
      "provider": "provider[\"registry.terraform.io/hashicorp/google\"]",
      "instances": [
        {
          "schema_version": 0,
          "attributes": {
            "auto_create_network": null,
            "billing_account": "01FB30-956EBD-EB3FFD",
            "folder_id": null,
            "id": "projects/pj-ray-kisaragi-prod",
            "labels": {},
            "name": "pj-ray-kisaragi-prod",
            "number": "1015403302639",
            "org_id": null,
            "project_id": "pj-ray-kisaragi-prod",
            "skip_delete": null
          },
          "sensitive_attributes": []
        }
      ]
    },
    {
      "mode": "managed",
      "type": "google_project_iam_binding",
      "name": "cloudbuild",
      "provider": "provider[\"registry.terraform.io/hashicorp/google\"]",
      "instances": [
        {
          "schema_version": 0,
          "attributes": {
            "condition": [],
            "etag": "BwXI05yHCaM=",
            "id": "1015403302639/roles/admin",
            "members": [
              "serviceAccount:1015403302639@cloudbuild.gserviceaccount.com"
            ],
            "project": "1015403302639",
            "role": "roles/admin"
          },
          "sensitive_attributes": [],
          "private": "bnVsbA==",
          "dependencies": [
            "data.google_project.project"
          ]
        }
      ]
    },
    {
      "mode": "managed",
      "type": "google_project_service",
      "name": "services",
      "provider": "provider[\"registry.terraform.io/hashicorp/google\"]",
      "instances": [
        {
          "index_key": "cloudbuild.googleapis.com",
          "schema_version": 0,
          "attributes": {
            "disable_dependent_services": true,
            "disable_on_destroy": true,
            "id": "1015403302639/cloudbuild.googleapis.com",
            "project": "1015403302639",
            "service": "cloudbuild.googleapis.com",
            "timeouts": null
          },
          "sensitive_attributes": [],
          "private": "eyJlMmJmYjczMC1lY2FhLTExZTYtOGY4OC0zNDM2M2JjN2M0YzAiOnsiY3JlYXRlIjoxMjAwMDAwMDAwMDAwLCJkZWxldGUiOjEyMDAwMDAwMDAwMDAsInJlYWQiOjYwMDAwMDAwMDAwMCwidXBkYXRlIjoxMjAwMDAwMDAwMDAwfX0=",
          "dependencies": [
            "data.google_project.project"
          ]
        },
        {
          "index_key": "cloudresourcemanager.googleapis.com",
          "schema_version": 0,
          "attributes": {
            "disable_dependent_services": true,
            "disable_on_destroy": true,
            "id": "1015403302639/cloudresourcemanager.googleapis.com",
            "project": "1015403302639",
            "service": "cloudresourcemanager.googleapis.com",
            "timeouts": null
          },
          "sensitive_attributes": [],
          "private": "eyJlMmJmYjczMC1lY2FhLTExZTYtOGY4OC0zNDM2M2JjN2M0YzAiOnsiY3JlYXRlIjoxMjAwMDAwMDAwMDAwLCJkZWxldGUiOjEyMDAwMDAwMDAwMDAsInJlYWQiOjYwMDAwMDAwMDAwMCwidXBkYXRlIjoxMjAwMDAwMDAwMDAwfX0=",
          "dependencies": [
            "data.google_project.project"
          ]
        },
        {
          "index_key": "iam.googleapis.com",
          "schema_version": 0,
          "attributes": {
            "disable_dependent_services": null,
            "disable_on_destroy": null,
            "id": "pj-ray-kisaragi-prod/iam.googleapis.com",
            "project": "pj-ray-kisaragi-prod",
            "service": "iam.googleapis.com",
            "timeouts": {
              "create": null,
              "delete": null,
              "read": null,
              "update": null
            }
          },
          "sensitive_attributes": [],
          "private": "eyJlMmJmYjczMC1lY2FhLTExZTYtOGY4OC0zNDM2M2JjN2M0YzAiOnsiY3JlYXRlIjoxMjAwMDAwMDAwMDAwLCJkZWxldGUiOjEyMDAwMDAwMDAwMDAsInJlYWQiOjYwMDAwMDAwMDAwMCwidXBkYXRlIjoxMjAwMDAwMDAwMDAwfSwic2NoZW1hX3ZlcnNpb24iOiIwIn0="
        }
      ]
    },
    {
      "mode": "managed",
      "type": "google_storage_bucket",
      "name": "terraform",
      "provider": "provider[\"registry.terraform.io/hashicorp/google\"]",
      "instances": [
        {
          "schema_version": 0,
          "attributes": {
            "bucket_policy_only": false,
            "cors": [],
            "default_event_based_hold": false,
            "encryption": [],
            "force_destroy": false,
            "id": "pj-ray-kisaragi-prod-terraform",
            "labels": {},
            "lifecycle_rule": [
              {
                "action": [
                  {
                    "storage_class": "",
                    "type": "Delete"
                  }
                ],
                "condition": [
                  {
                    "age": 0,
                    "created_before": "",
                    "custom_time_before": "",
                    "days_since_custom_time": 0,
                    "days_since_noncurrent_time": 32,
                    "matches_storage_class": [],
                    "noncurrent_time_before": "",
                    "num_newer_versions": 0,
                    "with_state": "ANY"
                  }
                ]
              }
            ],
            "location": "US",
            "logging": [],
            "name": "pj-ray-kisaragi-prod-terraform",
            "project": "pj-ray-kisaragi-prod",
            "requester_pays": false,
            "retention_policy": [],
            "self_link": "https://www.googleapis.com/storage/v1/b/pj-ray-kisaragi-prod-terraform",
            "storage_class": "STANDARD",
            "uniform_bucket_level_access": false,
            "url": "gs://pj-ray-kisaragi-prod-terraform",
            "versioning": [
              {
                "enabled": true
              }
            ],
            "website": []
          },
          "sensitive_attributes": [],
          "private": "bnVsbA=="
        }
      ]
    },
    {
      "module": "module.google_cloudbuild_tf_apply_main_branch",
      "mode": "managed",
      "type": "google_cloudbuild_trigger",
      "name": "terraform_proc",
      "provider": "provider[\"registry.terraform.io/hashicorp/google\"]",
      "instances": [
        {
          "schema_version": 1,
          "attributes": {
            "build": [
              {
                "artifacts": [],
                "images": [],
                "logs_bucket": "",
                "options": [],
                "queue_ttl": "",
                "secret": [],
                "source": [],
                "step": [
                  {
                    "args": [
                      "fmt",
                      "-diff",
                      "-check",
                      "-recursive"
                    ],
                    "dir": "terraform",
                    "entrypoint": "terraform",
                    "env": [],
                    "id": "check_fmt",
                    "name": "hashicorp/terraform:1.0.2",
                    "secret_env": [],
                    "timeout": "60s",
                    "timing": "",
                    "volumes": [],
                    "wait_for": []
                  },
                  {
                    "args": [
                      "init"
                    ],
                    "dir": "terraform/envs/gcp_prod",
                    "entrypoint": "terraform",
                    "env": [],
                    "id": "terraform_init",
                    "name": "hashicorp/terraform:1.0.2",
                    "secret_env": [],
                    "timeout": "60s",
                    "timing": "",
                    "volumes": [],
                    "wait_for": []
                  },
                  {
                    "args": [
                      "validate"
                    ],
                    "dir": "terraform/envs/gcp_prod",
                    "entrypoint": "terraform",
                    "env": [],
                    "id": "terraform_variable",
                    "name": "hashicorp/terraform:1.0.2",
                    "secret_env": [],
                    "timeout": "60s",
                    "timing": "",
                    "volumes": [],
                    "wait_for": []
                  },
                  {
                    "args": [
                      "apply",
                      "-auto-approve"
                    ],
                    "dir": "terraform/envs/gcp_prod",
                    "entrypoint": "terraform",
                    "env": [],
                    "id": "terraform_apply",
                    "name": "hashicorp/terraform:1.0.2",
                    "secret_env": [],
                    "timeout": "600s",
                    "timing": "",
                    "volumes": [],
                    "wait_for": []
                  }
                ],
                "substitutions": {},
                "tags": [],
                "timeout": "780s"
              }
            ],
            "create_time": "2021-08-03T16:19:04.954850300Z",
            "description": "",
            "disabled": false,
            "filename": "",
            "github": [
              {
                "name": "pj-ray-kisaragi",
                "owner": "hkak03key",
                "pull_request": [],
                "push": [
                  {
                    "branch": "^main$",
                    "invert_regex": false,
                    "tag": ""
                  }
                ]
              }
            ],
            "id": "projects/pj-ray-kisaragi-prod/triggers/ff849517-2c11-471f-91a6-ec7a777483f5",
            "ignored_files": [],
            "included_files": [],
            "name": "tf-apply-main-branch",
            "project": "pj-ray-kisaragi-prod",
            "pubsub_config": [],
            "substitutions": {},
            "tags": [],
            "timeouts": null,
            "trigger_id": "ff849517-2c11-471f-91a6-ec7a777483f5",
            "trigger_template": [],
            "webhook_config": []
          },
          "sensitive_attributes": [],
          "private": "eyJlMmJmYjczMC1lY2FhLTExZTYtOGY4OC0zNDM2M2JjN2M0YzAiOnsiY3JlYXRlIjoyNDAwMDAwMDAwMDAsImRlbGV0ZSI6MjQwMDAwMDAwMDAwLCJ1cGRhdGUiOjI0MDAwMDAwMDAwMH0sInNjaGVtYV92ZXJzaW9uIjoiMSJ9",
          "dependencies": [
            "data.google_project.project",
            "google_project_service.services"
          ]
        }
      ]
    },
    {
      "module": "module.google_cloudbuild_tf_plan_for_pr",
      "mode": "managed",
      "type": "google_cloudbuild_trigger",
      "name": "terraform_proc",
      "provider": "provider[\"registry.terraform.io/hashicorp/google\"]",
      "instances": [
        {
          "schema_version": 1,
          "attributes": {
            "build": [
              {
                "artifacts": [],
                "images": [],
                "logs_bucket": "",
                "options": [],
                "queue_ttl": "",
                "secret": [],
                "source": [],
                "step": [
                  {
                    "args": [
                      "fmt",
                      "-diff",
                      "-check",
                      "-recursive"
                    ],
                    "dir": "terraform",
                    "entrypoint": "terraform",
                    "env": [],
                    "id": "check_fmt",
                    "name": "hashicorp/terraform:1.0.2",
                    "secret_env": [],
                    "timeout": "60s",
                    "timing": "",
                    "volumes": [],
                    "wait_for": []
                  },
                  {
                    "args": [
                      "init"
                    ],
                    "dir": "terraform/envs/gcp_prod",
                    "entrypoint": "terraform",
                    "env": [],
                    "id": "terraform_init",
                    "name": "hashicorp/terraform:1.0.2",
                    "secret_env": [],
                    "timeout": "60s",
                    "timing": "",
                    "volumes": [],
                    "wait_for": []
                  },
                  {
                    "args": [
                      "validate"
                    ],
                    "dir": "terraform/envs/gcp_prod",
                    "entrypoint": "terraform",
                    "env": [],
                    "id": "terraform_variable",
                    "name": "hashicorp/terraform:1.0.2",
                    "secret_env": [],
                    "timeout": "60s",
                    "timing": "",
                    "volumes": [],
                    "wait_for": []
                  },
                  {
                    "args": [
                      "plan",
                      "-lock=false"
                    ],
                    "dir": "terraform/envs/gcp_prod",
                    "entrypoint": "terraform",
                    "env": [],
                    "id": "terraform_plan",
                    "name": "hashicorp/terraform:1.0.2",
                    "secret_env": [],
                    "timeout": "600s",
                    "timing": "",
                    "volumes": [],
                    "wait_for": []
                  }
                ],
                "substitutions": {},
                "tags": [],
                "timeout": "780s"
              }
            ],
            "create_time": "2021-08-03T16:19:05.673280334Z",
            "description": "",
            "disabled": false,
            "filename": "",
            "github": [
              {
                "name": "pj-ray-kisaragi",
                "owner": "hkak03key",
                "pull_request": [
                  {
                    "branch": ".*",
                    "comment_control": "COMMENTS_ENABLED_FOR_EXTERNAL_CONTRIBUTORS_ONLY",
                    "invert_regex": false
                  }
                ],
                "push": []
              }
            ],
            "id": "projects/pj-ray-kisaragi-prod/triggers/f585d63f-2e87-4c1a-b0ae-46c95b1c815a",
            "ignored_files": [],
            "included_files": [],
            "name": "tf-plan-for-pr",
            "project": "pj-ray-kisaragi-prod",
            "pubsub_config": [],
            "substitutions": {},
            "tags": [],
            "timeouts": null,
            "trigger_id": "f585d63f-2e87-4c1a-b0ae-46c95b1c815a",
            "trigger_template": [],
            "webhook_config": []
          },
          "sensitive_attributes": [],
          "private": "eyJlMmJmYjczMC1lY2FhLTExZTYtOGY4OC0zNDM2M2JjN2M0YzAiOnsiY3JlYXRlIjoyNDAwMDAwMDAwMDAsImRlbGV0ZSI6MjQwMDAwMDAwMDAwLCJ1cGRhdGUiOjI0MDAwMDAwMDAwMH0sInNjaGVtYV92ZXJzaW9uIjoiMSJ9",
          "dependencies": [
            "data.google_project.project",
            "google_project_service.services"
          ]
        }
      ]
    }
  ]
}
